{
  "meteor": {},
  "dependencies": {
    "basePackages": {
      "font-awesome": {},
      "mongo-counter": {},
      "iron-router": {}
    },
    "packages": {
      "font-awesome": {
        "git": "https://github.com/nate-strauser/meteor-font-awesome.git",
        "tag": "v3.2.1",
        "commit": "38bdfff72dfb8857b272f9a9b056045d6a015489"
      },
      "mongo-counter": {
        "git": "https://github.com/awwx/meteor-mongo-counter.git",
        "tag": "v1.1.0",
        "commit": "9a0710543cec7c192e38d5acc54cf3b0a9fbcb20"
      },
      "iron-router": {
        "git": "https://github.com/EventedMind/iron-router.git",
        "tag": "v0.5.4",
        "commit": "3e0e22ff85630b7503d0daa1538c6d90abb84020"
      }
    }
  }
}
